
Microsoft Visual Studio Solution File, Format Version 12.00
# Visual Studio Version 17
VisualStudioVersion = 17.0.32112.339
MinimumVisualStudioVersion = 10.0.40219.1
Project("{9A19103F-16F7-4668-BE54-9A1E7A4F7556}") = "DeleteEmptyDirs", "DeleteEmptyDirs\DeleteEmptyDirs.csproj", "{7647135A-40A3-4021-8AF1-D632F1A8B9F2}"
EndProject
Project("{9A19103F-16F7-4668-BE54-9A1E7A4F7556}") = "ExtractFilesTree", "ExtractFilesTree\ExtractFilesTree.csproj", "{B2CC0092-0C20-494E-A535-0FB51F2827C7}"
EndProject
Global
	GlobalSection(SolutionConfigurationPlatforms) = preSolution
		Debug|Any CPU = Debug|Any CPU
		Release|Any CPU = Release|Any CPU
	EndGlobalSection
	GlobalSection(ProjectConfigurationPlatforms) = postSolution
		{7647135A-40A3-4021-8AF1-D632F1A8B9F2}.Debug|Any CPU.ActiveCfg = Debug|Any CPU
		{7647135A-40A3-4021-8AF1-D632F1A8B9F2}.Debug|Any CPU.Build.0 = Debug|Any CPU
		{7647135A-40A3-4021-8AF1-D632F1A8B9F2}.Release|Any CPU.ActiveCfg = Release|Any CPU
		{7647135A-40A3-4021-8AF1-D632F1A8B9F2}.Release|Any CPU.Build.0 = Release|Any CPU
		{B2CC0092-0C20-494E-A535-0FB51F2827C7}.Debug|Any CPU.ActiveCfg = Debug|Any CPU
		{B2CC0092-0C20-494E-A535-0FB51F2827C7}.Debug|Any CPU.Build.0 = Debug|Any CPU
		{B2CC0092-0C20-494E-A535-0FB51F2827C7}.Release|Any CPU.ActiveCfg = Release|Any CPU
		{B2CC0092-0C20-494E-A535-0FB51F2827C7}.Release|Any CPU.Build.0 = Release|Any CPU
	EndGlobalSection
	GlobalSection(SolutionProperties) = preSolution
		HideSolutionNode = FALSE
	EndGlobalSection
	GlobalSection(ExtensibilityGlobals) = postSolution
		SolutionGuid = {3BE2599B-14BB-4B54-A59B-54ED439C8827}
	EndGlobalSection
EndGlobal
